lockfileVersion: '9.0'

settings:
  autoInstallPeers: true
  excludeLinksFromLockfile: false

importers:

  .:
    dependencies:
      '@fontsource-variable/inter':
        specifier: ^5.2.8
        version: 5.2.8
      '@fortawesome/fontawesome-free':
        specifier: ^7.2.0
        version: 7.2.0
      hono:
        specifier: ^4.12.6
        version: 4.12.16
      nodemailer:
        specifier: ^8.0.7
        version: 8.0.7
    devDependencies:
      '@hono/vite-dev-server':
        specifier: ^0.18.2
        version: 0.18.3(hono@4.12.16)(miniflare@4.20260430.0)(wrangler@4.87.0)
      '@types/node':
        specifier: ^22.19.17
        version: 22.19.17
      '@types/nodemailer':
        specifier: ^8.0.0
        version: 8.0.0
      autoprefixer:
        specifier: ^10.5.0
        version: 10.5.0(postcss@8.5.14)
      postcss:
        specifier: ^8.5.14
        version: 8.5.14
      sharp:
        specifier: ^0.34.5
        version: 0.34.5
      tailwindcss:
        specifier: ^3.4.19
        version: 3.4.19(tsx@4.21.0)
      tsx:
        specifier: ^4.19.4
        version: 4.21.0
      vite:
        specifier: ^6.3.5
        version: 6.4.2(@types/node@22.19.17)(jiti@1.21.7)(tsx@4.21.0)
      wrangler:
        specifier: ^4.4.0
        version: 4.87.0

packages:

  '@alloc/quick-lru@5.2.0':
    resolution: {integrity: sha512-UrcABB+4bUrFABwbluTIBErXwvbsU/V7TZWfmbgJfbkwiBuziS9gxdODUyuiecfdGQ85jglMW6juS3+z5TsKLw==}
    engines: {node: '>=10'}

  '@cloudflare/kv-asset-handler@0.5.0':
    resolution: {integrity: sha512-jxQYkj8dSIzc0cD6cMMNdOc1UVjqSqu8BZdor5s8cGjW2I8BjODt/kWPVdY+u9zj3ms75Q5qaZgnxUad83+eAg==}
    engines: {node: '>=22.0.0'}

  '@cloudflare/unenv-preset@2.16.1':
    resolution: {integrity: sha512-ECxObrMfyTl5bhQf/lZCXwo5G6xX9IAUo+nDMKK4SZ8m4Jvvxp52vilxyySSWh2YTZz8+HQ07qGH/2rEom1vDw==}
    peerDependencies:
      unenv: 2.0.0-rc.24
      workerd: '>1.20260305.0 <2.0.0-0'
    peerDependenciesMeta:
      workerd:
        optional: true

  '@cloudflare/workerd-darwin-64@1.20260430.1':
    resolution: {integrity: sha512-ADohZUHf7NBvPp2PdZig2Opxx+hDkk3ve7jrTne3JRx9kDSB73zc4LzcEeEN8LKkbAcqZmvfRJfpChSlusu0lA==}
    engines: {node: '>=16'}
    cpu: [x64]
    os: [darwin]

  '@cloudflare/workerd-darwin-arm64@1.20260430.1':
    resolution: {integrity: sha512-/DoYC/1wHs+YRZzzqSQg1/EHB4hiv1yV5U8FnmapRRIzVaPtnt+ApeOXeMrIdKidgKOI8TqQzgBU8xbIM7Cl4Q==}
    engines: {node: '>=16'}
    cpu: [arm64]
    os: [darwin]

  '@cloudflare/workerd-linux-64@1.20260430.1':
    resolution: {integrity: sha512-koJhBWvEVZPKCVFtMLp2iMHlYr+lFCF47wGbnlKdHVlemV0zTxJEyHI8aLlrhPLhBmOmYLp46rXw09/qJkRIhQ==}
    engines: {node: '>=16'}
    cpu: [x64]
    os: [linux]

  '@cloudflare/workerd-linux-arm64@1.20260430.1':
    resolution: {integrity: sha512-hMdapNAzNQZDXGGkg4Slydc3fRJP5FUZLJVVcZCW/+imhhJro9Z1rv5n/wfR+txKoSWhTYR8eOp8Pyi2bzLzlw==}
    engines: {node: '>=16'}
    cpu: [arm64]
    os: [linux]

  '@cloudflare/workerd-windows-64@1.20260430.1':
    resolution: {integrity: sha512-jS3ffixjb5USOwz4frw4WzCz0HrjVxkgyU3WiYb06N7hBAfN6eOrveAJ4QRef0+suK4V1vQFoB1oKdRBsXe9Dw==}
    engines: {node: '>=16'}
    cpu: [x64]
    os: [win32]

  '@cspotcode/source-map-support@0.8.1':
    resolution: {integrity: sha512-IchNf6dN4tHoMFIn/7OE8LWZ19Y6q/67Bmf6vnGREv8RSbBVb9LPJxEcnwrcwX6ixSvaiGoomAUvu4YSxXrVgw==}
    engines: {node: '>=12'}

  '@emnapi/runtime@1.10.0':
    resolution: {integrity: sha512-ewvYlk86xUoGI0zQRNq/mC+16R1QeDlKQy21Ki3oSYXNgLb45GV1P6A0M+/s6nyCuNDqe5VpaY84BzXGwVbwFA==}

  '@esbuild/aix-ppc64@0.25.12':
    resolution: {integrity: sha512-Hhmwd6CInZ3dwpuGTF8fJG6yoWmsToE+vYgD4nytZVxcu1ulHpUQRAB1UJ8+N1Am3Mz4+xOByoQoSZf4D+CpkA==}
    engines: {node: '>=18'}
    cpu: [ppc64]
    os: [aix]

  '@esbuild/aix-ppc64@0.27.3':
    resolution: {integrity: sha512-9fJMTNFTWZMh5qwrBItuziu834eOCUcEqymSH7pY+zoMVEZg3gcPuBNxH1EvfVYe9h0x/Ptw8KBzv7qxb7l8dg==}
    engines: {node: '>=18'}
    cpu: [ppc64]
    os: [aix]

  '@esbuild/android-arm64@0.25.12':
    resolution: {integrity: sha512-6AAmLG7zwD1Z159jCKPvAxZd4y/VTO0VkprYy+3N2FtJ8+BQWFXU+OxARIwA46c5tdD9SsKGZ/1ocqBS/gAKHg==}
    engines: {node: '>=18'}
    cpu: [arm64]
    os: [android]

  '@esbuild/android-arm64@0.27.3':
    resolution: {integrity: sha512-YdghPYUmj/FX2SYKJ0OZxf+iaKgMsKHVPF1MAq/P8WirnSpCStzKJFjOjzsW0QQ7oIAiccHdcqjbHmJxRb/dmg==}
    engines: {node: '>=18'}
    cpu: [arm64]
    os: [android]

  '@esbuild/android-arm@0.25.12':
    resolution: {integrity: sha512-VJ+sKvNA/GE7Ccacc9Cha7bpS8nyzVv0jdVgwNDaR4gDMC/2TTRc33Ip8qrNYUcpkOHUT5OZ0bUcNNVZQ9RLlg==}
    engines: {node: '>=18'}
    cpu: [arm]
    os: [android]

  '@esbuild/android-arm@0.27.3':
    resolution: {integrity: sha512-i5D1hPY7GIQmXlXhs2w8AWHhenb00+GxjxRncS2ZM7YNVGNfaMxgzSGuO8o8SJzRc/oZwU2bcScvVERk03QhzA==}
    engines: {node: '>=18'}
    cpu: [arm]
    os: [android]

  '@esbuild/android-x64@0.25.12':
    resolution: {integrity: sha512-5jbb+2hhDHx5phYR2By8GTWEzn6I9UqR11Kwf22iKbNpYrsmRB18aX/9ivc5cabcUiAT/wM+YIZ6SG9QO6a8kg==}
    engines: {node: '>=18'}
    cpu: [x64]
    os: [android]

  '@esbuild/android-x64@0.27.3':
    resolution: {integrity: sha512-IN/0BNTkHtk8lkOM8JWAYFg4ORxBkZQf9zXiEOfERX/CzxW3Vg1ewAhU7QSWQpVIzTW+b8Xy+lGzdYXV6UZObQ==}
    engines: {node: '>=18'}
    cpu: [x64]
    os: [android]

  '@esbuild/darwin-arm64@0.25.12':
    resolution: {integrity: sha512-N3zl+lxHCifgIlcMUP5016ESkeQjLj/959RxxNYIthIg+CQHInujFuXeWbWMgnTo4cp5XVHqFPmpyu9J65C1Yg==}
    engines: {node: '>=18'}
    cpu: [arm64]
    os: [darwin]

  '@esbuild/darwin-arm64@0.27.3':
    resolution: {integrity: sha512-Re491k7ByTVRy0t3EKWajdLIr0gz2kKKfzafkth4Q8A5n1xTHrkqZgLLjFEHVD+AXdUGgQMq+Godfq45mGpCKg==}
    engines: {node: '>=18'}
    cpu: [arm64]
    os: [darwin]

  '@esbuild/darwin-x64@0.25.12':
    resolution: {integrity: sha512-HQ9ka4Kx21qHXwtlTUVbKJOAnmG1ipXhdWTmNXiPzPfWKpXqASVcWdnf2bnL73wgjNrFXAa3yYvBSd9pzfEIpA==}
    engines: {node: '>=18'}
    cpu: [x64]
    os: [darwin]

  '@esbuild/darwin-x64@0.27.3':
    resolution: {integrity: sha512-vHk/hA7/1AckjGzRqi6wbo+jaShzRowYip6rt6q7VYEDX4LEy1pZfDpdxCBnGtl+A5zq8iXDcyuxwtv3hNtHFg==}
    engines: {node: '>=18'}
    cpu: [x64]
    os: [darwin]

  '@esbuild/freebsd-arm64@0.25.12':
    resolution: {integrity: sha512-gA0Bx759+7Jve03K1S0vkOu5Lg/85dou3EseOGUes8flVOGxbhDDh/iZaoek11Y8mtyKPGF3vP8XhnkDEAmzeg==}
    engines: {node: '>=18'}
    cpu: [arm64]
    os: [freebsd]

  '@esbuild/freebsd-arm64@0.27.3':
    resolution: {integrity: sha512-ipTYM2fjt3kQAYOvo6vcxJx3nBYAzPjgTCk7QEgZG8AUO3ydUhvelmhrbOheMnGOlaSFUoHXB6un+A7q4ygY9w==}
    engines: {node: '>=18'}
    cpu: [arm64]
    os: [freebsd]

  '@esbuild/freebsd-x64@0.25.12':
    resolution: {integrity: sha512-TGbO26Yw2xsHzxtbVFGEXBFH0FRAP7gtcPE7P5yP7wGy7cXK2oO7RyOhL5NLiqTlBh47XhmIUXuGciXEqYFfBQ==}
    engines: {node: '>=18'}
    cpu: [x64]
    os: [freebsd]

  '@esbuild/freebsd-x64@0.27.3':
    resolution: {integrity: sha512-dDk0X87T7mI6U3K9VjWtHOXqwAMJBNN2r7bejDsc+j03SEjtD9HrOl8gVFByeM0aJksoUuUVU9TBaZa2rgj0oA==}
    engines: {node: '>=18'}
    cpu: [x64]
    os: [freebsd]

  '@esbuild/linux-arm64@0.25.12':
    resolution: {integrity: sha512-8bwX7a8FghIgrupcxb4aUmYDLp8pX06rGh5HqDT7bB+8Rdells6mHvrFHHW2JAOPZUbnjUpKTLg6ECyzvas2AQ==}
    engines: {node: '>=18'}
    cpu: [arm64]
    os: [linux]

  '@esbuild/linux-arm64@0.27.3':
    resolution: {integrity: sha512-sZOuFz/xWnZ4KH3YfFrKCf1WyPZHakVzTiqji3WDc0BCl2kBwiJLCXpzLzUBLgmp4veFZdvN5ChW4Eq/8Fc2Fg==}
    engines: {node: '>=18'}
    cpu: [arm64]
    os: [linux]

  '@esbuild/linux-arm@0.25.12':
    resolution: {integrity: sha512-lPDGyC1JPDou8kGcywY0YILzWlhhnRjdof3UlcoqYmS9El818LLfJJc3PXXgZHrHCAKs/Z2SeZtDJr5MrkxtOw==}
    engines: {node: '>=18'}
    cpu: [arm]
    os: [linux]

  '@esbuild/linux-arm@0.27.3':
    resolution: {integrity: sha512-s6nPv2QkSupJwLYyfS+gwdirm0ukyTFNl3KTgZEAiJDd+iHZcbTPPcWCcRYH+WlNbwChgH2QkE9NSlNrMT8Gfw==}
    engines: {node: '>=18'}
    cpu: [arm]
    os: [linux]

  '@esbuild/linux-ia32@0.25.12':
    resolution: {integrity: sha512-0y9KrdVnbMM2/vG8KfU0byhUN+EFCny9+8g202gYqSSVMonbsCfLjUO+rCci7pM0WBEtz+oK/PIwHkzxkyharA==}
    engines: {node: '>=18'}
    cpu: [ia32]
    os: [linux]

  '@esbuild/linux-ia32@0.27.3':
    resolution: {integrity: sha512-yGlQYjdxtLdh0a3jHjuwOrxQjOZYD/C9PfdbgJJF3TIZWnm/tMd/RcNiLngiu4iwcBAOezdnSLAwQDPqTmtTYg==}
    engines: {node: '>=18'}
    cpu: [ia32]
    os: [linux]

  '@esbuild/linux-loong64@0.25.12':
    resolution: {integrity: sha512-h///Lr5a9rib/v1GGqXVGzjL4TMvVTv+s1DPoxQdz7l/AYv6LDSxdIwzxkrPW438oUXiDtwM10o9PmwS/6Z0Ng==}
    engines: {node: '>=18'}
    cpu: [loong64]
    os: [linux]

  '@esbuild/linux-loong64@0.27.3':
    resolution: {integrity: sha512-WO60Sn8ly3gtzhyjATDgieJNet/KqsDlX5nRC5Y3oTFcS1l0KWba+SEa9Ja1GfDqSF1z6hif/SkpQJbL63cgOA==}
    engines: {node: '>=18'}
    cpu: [loong64]
    os: [linux]

  '@esbuild/linux-mips64el@0.25.12':
    resolution: {integrity: sha512-iyRrM1Pzy9GFMDLsXn1iHUm18nhKnNMWscjmp4+hpafcZjrr2WbT//d20xaGljXDBYHqRcl8HnxbX6uaA/eGVw==}
    engines: {node: '>=18'}
    cpu: [mips64el]
    os: [linux]

  '@esbuild/linux-mips64el@0.27.3':
    resolution: {integrity: sha512-APsymYA6sGcZ4pD6k+UxbDjOFSvPWyZhjaiPyl/f79xKxwTnrn5QUnXR5prvetuaSMsb4jgeHewIDCIWljrSxw==}
    engines: {node: '>=18'}
    cpu: [mips64el]
    os: [linux]

  '@esbuild/linux-ppc64@0.25.12':
    resolution: {integrity: sha512-9meM/lRXxMi5PSUqEXRCtVjEZBGwB7P/D4yT8UG/mwIdze2aV4Vo6U5gD3+RsoHXKkHCfSxZKzmDssVlRj1QQA==}
    engines: {node: '>=18'}
    cpu: [ppc64]
    os: [linux]

  '@esbuild/linux-ppc64@0.27.3':
    resolution: {integrity: sha512-eizBnTeBefojtDb9nSh4vvVQ3V9Qf9Df01PfawPcRzJH4gFSgrObw+LveUyDoKU3kxi5+9RJTCWlj4FjYXVPEA==}
    engines: {node: '>=18'}
